
Microsoft Visual Studio Solution File, Format Version 12.00
# Visual Studio 2012
Project("{FAE04EC0-301F-11D3-BF4B-00C04F79EFBC}") = "Ex30_Array_Jogador_Lop_0106", "Ex30_Array_Jogador_Lop_0106\Ex30_Array_Jogador_Lop_0106.csproj", "{DC4B4834-6D65-49D5-98CB-17B002CA4971}"
EndProject
Global
	GlobalSection(SolutionConfigurationPlatforms) = preSolution
		Debug|Any CPU = Debug|Any CPU
		Release|Any CPU = Release|Any CPU
	EndGlobalSection
	GlobalSection(ProjectConfigurationPlatforms) = postSolution
		{DC4B4834-6D65-49D5-98CB-17B002CA4971}.Debug|Any CPU.ActiveCfg = Debug|Any CPU
		{DC4B4834-6D65-49D5-98CB-17B002CA4971}.Debug|Any CPU.Build.0 = Debug|Any CPU
		{DC4B4834-6D65-49D5-98CB-17B002CA4971}.Release|Any CPU.ActiveCfg = Release|Any CPU
		{DC4B4834-6D65-49D5-98CB-17B002CA4971}.Release|Any CPU.Build.0 = Release|Any CPU
	EndGlobalSection
	GlobalSection(SolutionProperties) = preSolution
		HideSolutionNode = FALSE
	EndGlobalSection
EndGlobal
