
Microsoft Visual Studio Solution File, Format Version 12.00
# Visual Studio 2012
Project("{FAE04EC0-301F-11D3-BF4B-00C04F79EFBC}") = "AtividadeDES_1508", "AtividadeDES_1508\AtividadeDES_1508.csproj", "{B4F0AA75-99D9-4BA0-BBE5-957B37B754E1}"
EndProject
Global
	GlobalSection(SolutionConfigurationPlatforms) = preSolution
		Debug|Any CPU = Debug|Any CPU
		Release|Any CPU = Release|Any CPU
	EndGlobalSection
	GlobalSection(ProjectConfigurationPlatforms) = postSolution
		{B4F0AA75-99D9-4BA0-BBE5-957B37B754E1}.Debug|Any CPU.ActiveCfg = Debug|Any CPU
		{B4F0AA75-99D9-4BA0-BBE5-957B37B754E1}.Debug|Any CPU.Build.0 = Debug|Any CPU
		{B4F0AA75-99D9-4BA0-BBE5-957B37B754E1}.Release|Any CPU.ActiveCfg = Release|Any CPU
		{B4F0AA75-99D9-4BA0-BBE5-957B37B754E1}.Release|Any CPU.Build.0 = Release|Any CPU
	EndGlobalSection
	GlobalSection(SolutionProperties) = preSolution
		HideSolutionNode = FALSE
	EndGlobalSection
EndGlobal
