
Microsoft Visual Studio Solution File, Format Version 12.00
# Visual Studio 2012
Project("{FAE04EC0-301F-11D3-BF4B-00C04F79EFBC}") = "Aula03_TOO", "Aula03_TOO\Aula03_TOO.csproj", "{8A284A75-DC84-4A82-AADF-AB894D336886}"
EndProject
Global
	GlobalSection(SolutionConfigurationPlatforms) = preSolution
		Debug|Any CPU = Debug|Any CPU
		Release|Any CPU = Release|Any CPU
	EndGlobalSection
	GlobalSection(ProjectConfigurationPlatforms) = postSolution
		{8A284A75-DC84-4A82-AADF-AB894D336886}.Debug|Any CPU.ActiveCfg = Debug|Any CPU
		{8A284A75-DC84-4A82-AADF-AB894D336886}.Debug|Any CPU.Build.0 = Debug|Any CPU
		{8A284A75-DC84-4A82-AADF-AB894D336886}.Release|Any CPU.ActiveCfg = Release|Any CPU
		{8A284A75-DC84-4A82-AADF-AB894D336886}.Release|Any CPU.Build.0 = Release|Any CPU
	EndGlobalSection
	GlobalSection(SolutionProperties) = preSolution
		HideSolutionNode = FALSE
	EndGlobalSection
EndGlobal
