
Microsoft Visual Studio Solution File, Format Version 12.00
# Visual Studio 2012
Project("{FAE04EC0-301F-11D3-BF4B-00C04F79EFBC}") = "Desafio2_Caixa_Eletronico", "Desafio2_Caixa_Eletronico\Desafio2_Caixa_Eletronico.csproj", "{9776EDD5-4C5D-4484-BE1E-1A9628C60418}"
EndProject
Global
	GlobalSection(SolutionConfigurationPlatforms) = preSolution
		Debug|Any CPU = Debug|Any CPU
		Release|Any CPU = Release|Any CPU
	EndGlobalSection
	GlobalSection(ProjectConfigurationPlatforms) = postSolution
		{9776EDD5-4C5D-4484-BE1E-1A9628C60418}.Debug|Any CPU.ActiveCfg = Debug|Any CPU
		{9776EDD5-4C5D-4484-BE1E-1A9628C60418}.Debug|Any CPU.Build.0 = Debug|Any CPU
		{9776EDD5-4C5D-4484-BE1E-1A9628C60418}.Release|Any CPU.ActiveCfg = Release|Any CPU
		{9776EDD5-4C5D-4484-BE1E-1A9628C60418}.Release|Any CPU.Build.0 = Release|Any CPU
	EndGlobalSection
	GlobalSection(SolutionProperties) = preSolution
		HideSolutionNode = FALSE
	EndGlobalSection
EndGlobal
