
Microsoft Visual Studio Solution File, Format Version 12.00
# Visual Studio 2012
Project("{FAE04EC0-301F-11D3-BF4B-00C04F79EFBC}") = "Aula_LOP_2_160317", "Aula_LOP_2_160317\Aula_LOP_2_160317.csproj", "{6CA0AB8B-4059-4C89-BEEE-940C13712803}"
EndProject
Global
	GlobalSection(SolutionConfigurationPlatforms) = preSolution
		Debug|Any CPU = Debug|Any CPU
		Release|Any CPU = Release|Any CPU
	EndGlobalSection
	GlobalSection(ProjectConfigurationPlatforms) = postSolution
		{6CA0AB8B-4059-4C89-BEEE-940C13712803}.Debug|Any CPU.ActiveCfg = Debug|Any CPU
		{6CA0AB8B-4059-4C89-BEEE-940C13712803}.Debug|Any CPU.Build.0 = Debug|Any CPU
		{6CA0AB8B-4059-4C89-BEEE-940C13712803}.Release|Any CPU.ActiveCfg = Release|Any CPU
		{6CA0AB8B-4059-4C89-BEEE-940C13712803}.Release|Any CPU.Build.0 = Release|Any CPU
	EndGlobalSection
	GlobalSection(SolutionProperties) = preSolution
		HideSolutionNode = FALSE
	EndGlobalSection
EndGlobal
