
Microsoft Visual Studio Solution File, Format Version 12.00
# Visual Studio 2012
Project("{FAE04EC0-301F-11D3-BF4B-00C04F79EFBC}") = "Aula2_ex06_lop_230217_parte2", "Aula2_ex06_lop_230217_parte2\Aula2_ex06_lop_230217_parte2.csproj", "{F36BF0EA-A6F4-4065-80C7-4EDB64C2BD31}"
EndProject
Global
	GlobalSection(SolutionConfigurationPlatforms) = preSolution
		Debug|Any CPU = Debug|Any CPU
		Release|Any CPU = Release|Any CPU
	EndGlobalSection
	GlobalSection(ProjectConfigurationPlatforms) = postSolution
		{F36BF0EA-A6F4-4065-80C7-4EDB64C2BD31}.Debug|Any CPU.ActiveCfg = Debug|Any CPU
		{F36BF0EA-A6F4-4065-80C7-4EDB64C2BD31}.Debug|Any CPU.Build.0 = Debug|Any CPU
		{F36BF0EA-A6F4-4065-80C7-4EDB64C2BD31}.Release|Any CPU.ActiveCfg = Release|Any CPU
		{F36BF0EA-A6F4-4065-80C7-4EDB64C2BD31}.Release|Any CPU.Build.0 = Release|Any CPU
	EndGlobalSection
	GlobalSection(SolutionProperties) = preSolution
		HideSolutionNode = FALSE
	EndGlobalSection
EndGlobal
