
Microsoft Visual Studio Solution File, Format Version 12.00
# Visual Studio 2012
Project("{FAE04EC0-301F-11D3-BF4B-00C04F79EFBC}") = "ConsoleVerificarExercicioWindowsForms", "ConsoleVerificarExercicioWindowsForms\ConsoleVerificarExercicioWindowsForms.csproj", "{AC8C1550-D284-4CD9-9D75-ADC26538B36A}"
EndProject
Global
	GlobalSection(SolutionConfigurationPlatforms) = preSolution
		Debug|Any CPU = Debug|Any CPU
		Release|Any CPU = Release|Any CPU
	EndGlobalSection
	GlobalSection(ProjectConfigurationPlatforms) = postSolution
		{AC8C1550-D284-4CD9-9D75-ADC26538B36A}.Debug|Any CPU.ActiveCfg = Debug|Any CPU
		{AC8C1550-D284-4CD9-9D75-ADC26538B36A}.Debug|Any CPU.Build.0 = Debug|Any CPU
		{AC8C1550-D284-4CD9-9D75-ADC26538B36A}.Release|Any CPU.ActiveCfg = Release|Any CPU
		{AC8C1550-D284-4CD9-9D75-ADC26538B36A}.Release|Any CPU.Build.0 = Release|Any CPU
	EndGlobalSection
	GlobalSection(SolutionProperties) = preSolution
		HideSolutionNode = FALSE
	EndGlobalSection
EndGlobal
