
Microsoft Visual Studio Solution File, Format Version 12.00
# Visual Studio 2012
Project("{FAE04EC0-301F-11D3-BF4B-00C04F79EFBC}") = "Aula2_Ex07_220217_parte3", "Aula2_Ex07_220217_parte3\Aula2_Ex07_220217_parte3.csproj", "{2218A96C-3559-4BFC-93A5-B63B6B4E911F}"
EndProject
Global
	GlobalSection(SolutionConfigurationPlatforms) = preSolution
		Debug|Any CPU = Debug|Any CPU
		Release|Any CPU = Release|Any CPU
	EndGlobalSection
	GlobalSection(ProjectConfigurationPlatforms) = postSolution
		{2218A96C-3559-4BFC-93A5-B63B6B4E911F}.Debug|Any CPU.ActiveCfg = Debug|Any CPU
		{2218A96C-3559-4BFC-93A5-B63B6B4E911F}.Debug|Any CPU.Build.0 = Debug|Any CPU
		{2218A96C-3559-4BFC-93A5-B63B6B4E911F}.Release|Any CPU.ActiveCfg = Release|Any CPU
		{2218A96C-3559-4BFC-93A5-B63B6B4E911F}.Release|Any CPU.Build.0 = Release|Any CPU
	EndGlobalSection
	GlobalSection(SolutionProperties) = preSolution
		HideSolutionNode = FALSE
	EndGlobalSection
EndGlobal
