
Microsoft Visual Studio Solution File, Format Version 12.00
# Visual Studio 2012
Project("{FAE04EC0-301F-11D3-BF4B-00C04F79EFBC}") = "MP3CSharp", "MP3CSharp\MP3CSharp.csproj", "{1C76091A-7AAC-40C6-AC2B-01238C9B79E4}"
EndProject
Global
	GlobalSection(SolutionConfigurationPlatforms) = preSolution
		Debug|Any CPU = Debug|Any CPU
		Release|Any CPU = Release|Any CPU
	EndGlobalSection
	GlobalSection(ProjectConfigurationPlatforms) = postSolution
		{1C76091A-7AAC-40C6-AC2B-01238C9B79E4}.Debug|Any CPU.ActiveCfg = Debug|Any CPU
		{1C76091A-7AAC-40C6-AC2B-01238C9B79E4}.Debug|Any CPU.Build.0 = Debug|Any CPU
		{1C76091A-7AAC-40C6-AC2B-01238C9B79E4}.Release|Any CPU.ActiveCfg = Release|Any CPU
		{1C76091A-7AAC-40C6-AC2B-01238C9B79E4}.Release|Any CPU.Build.0 = Release|Any CPU
	EndGlobalSection
	GlobalSection(SolutionProperties) = preSolution
		HideSolutionNode = FALSE
	EndGlobalSection
EndGlobal
