
Microsoft Visual Studio Solution File, Format Version 12.00
# Visual Studio 2012
Project("{FAE04EC0-301F-11D3-BF4B-00C04F79EFBC}") = "Ex22_SwitchCase_0405", "Ex22_SwitchCase_0405\Ex22_SwitchCase_0405.csproj", "{CAE79FAA-2E8E-48C3-93E0-20A4115AEF0B}"
EndProject
Global
	GlobalSection(SolutionConfigurationPlatforms) = preSolution
		Debug|Any CPU = Debug|Any CPU
		Release|Any CPU = Release|Any CPU
	EndGlobalSection
	GlobalSection(ProjectConfigurationPlatforms) = postSolution
		{CAE79FAA-2E8E-48C3-93E0-20A4115AEF0B}.Debug|Any CPU.ActiveCfg = Debug|Any CPU
		{CAE79FAA-2E8E-48C3-93E0-20A4115AEF0B}.Debug|Any CPU.Build.0 = Debug|Any CPU
		{CAE79FAA-2E8E-48C3-93E0-20A4115AEF0B}.Release|Any CPU.ActiveCfg = Release|Any CPU
		{CAE79FAA-2E8E-48C3-93E0-20A4115AEF0B}.Release|Any CPU.Build.0 = Release|Any CPU
	EndGlobalSection
	GlobalSection(SolutionProperties) = preSolution
		HideSolutionNode = FALSE
	EndGlobalSection
EndGlobal
