
Microsoft Visual Studio Solution File, Format Version 12.00
# Visual Studio 2012
Project("{FAE04EC0-301F-11D3-BF4B-00C04F79EFBC}") = "ExPizza_Lop", "ExPizza_Lop\ExPizza_Lop.csproj", "{A31E4903-E68B-47F4-A5FA-D78001C35594}"
EndProject
Global
	GlobalSection(SolutionConfigurationPlatforms) = preSolution
		Debug|Any CPU = Debug|Any CPU
		Release|Any CPU = Release|Any CPU
	EndGlobalSection
	GlobalSection(ProjectConfigurationPlatforms) = postSolution
		{A31E4903-E68B-47F4-A5FA-D78001C35594}.Debug|Any CPU.ActiveCfg = Debug|Any CPU
		{A31E4903-E68B-47F4-A5FA-D78001C35594}.Debug|Any CPU.Build.0 = Debug|Any CPU
		{A31E4903-E68B-47F4-A5FA-D78001C35594}.Release|Any CPU.ActiveCfg = Release|Any CPU
		{A31E4903-E68B-47F4-A5FA-D78001C35594}.Release|Any CPU.Build.0 = Release|Any CPU
	EndGlobalSection
	GlobalSection(SolutionProperties) = preSolution
		HideSolutionNode = FALSE
	EndGlobalSection
EndGlobal
